hash: 17606e0631d26abc5b49fc11e6a547fa764d7e18b4a7efc41a47db8061be8e18
updated: 2017-10-30T12:13:35.194905297Z
imports:
- name: github.com/armon/go-radix
  version: 1fca145dffbcaa8fe914309b1ec0cfc67500fe61
- name: github.com/bgentry/speakeasy
  version: 4aabc24848ce5fd31929f7d1e4ea74d3709c14cd
- name: github.com/boltdb/bolt
  version: 0d9f544bb94aac29c185968483459ef74d6deb5d
- name: github.com/dustin/go-humanize
  version: bd88f87ad3a420f7bcf05e90566fd1ceb351fa7f
- name: github.com/jessevdk/go-flags
  version: 8bc97d602c3bfeb5fc6fc9b5a9c898f245495637
- name: github.com/mattn/go-isatty
  version: a5cdd64afdee435007ee3e9f6ed4684af949d568
- name: github.com/mitchellh/cli
  version: fa17b36f6c61f1ddbbb08c9f6fde94b3c065a09d
- name: github.com/nerdalize/git-bits
  version: 11f37a9f741b2db273eb925a9ec8e16f52676405
  subpackages:
  - bits
- name: github.com/restic/chunker
  version: bb2ecf9a98e35a0b336ffc23fc515fb6e7961577
- name: github.com/rlmcpherson/s3gof3r
  version: bc1aca74326ad100d0aa82bfa9ce6e9278620750
- name: github.com/VividCortex/ewma
  version: c595cd886c223c6c28fc9ae2727a61b5e4693d85
- name: golang.org/x/sys
  version: 661970f62f5897bc0cd5fdca7e087ba8a98a8fa1
  subpackages:
  - unix
testImports: []
